Microsoft Visual Studio Solution File, Format Version 11.00
# Visual Studio 2010
Project("{FAE04EC0-301F-11D3-BF4B-00C04F79EFBC}") = "MasterDetailAtRuntime", "MasterDetailAtRuntime\MasterDetailAtRuntime.csproj", "{2B47D562-C6E6-49D6-926C-DED4A8C2B249}"
EndProject
Global
	GlobalSection(SolutionConfigurationPlatforms) = preSolution
		Debug|Any CPU = Debug|Any CPU
		Release|Any CPU = Release|Any CPU
	EndGlobalSection
	GlobalSection(ProjectConfigurationPlatforms) = postSolution
		{2B47D562-C6E6-49D6-926C-DED4A8C2B249}.Debug|Any CPU.ActiveCfg = Debug|Any CPU
		{2B47D562-C6E6-49D6-926C-DED4A8C2B249}.Debug|Any CPU.Build.0 = Debug|Any CPU
		{2B47D562-C6E6-49D6-926C-DED4A8C2B249}.Release|Any CPU.ActiveCfg = Release|Any CPU
		{2B47D562-C6E6-49D6-926C-DED4A8C2B249}.Release|Any CPU.Build.0 = Release|Any CPU
	EndGlobalSection
	GlobalSection(SolutionProperties) = preSolution
		HideSolutionNode = FALSE
	EndGlobalSection
EndGlobal
